
Microsoft Visual Studio Solution File, Format Version 12.00
# Visual Studio Version 16
VisualStudioVersion = 16.0.31025.194
MinimumVisualStudioVersion = 10.0.40219.1
Project("{9A19103F-16F7-4668-BE54-9A1E7A4F7556}") = "CampIntro", "CampIntro\CampIntro.csproj", "{1A148E07-328A-490B-8BA0-332D25ADF1F2}"
EndProject
Project("{9A19103F-16F7-4668-BE54-9A1E7A4F7556}") = "Donguler", "Donguler\Donguler.csproj", "{FDA0D161-19F2-4280-A7F3-52928E28CA0E}"
EndProject
Project("{9A19103F-16F7-4668-BE54-9A1E7A4F7556}") = "ClassIntro", "ClassIntro\ClassIntro.csproj", "{51EE9F53-A527-472B-AFC2-3893411E8B4C}"
EndProject
Project("{9A19103F-16F7-4668-BE54-9A1E7A4F7556}") = "Metotlar", "Metotlar\Metotlar.csproj", "{F3FCD17E-7812-43DF-BA0B-A539467DB66A}"
EndProject
Project("{9A19103F-16F7-4668-BE54-9A1E7A4F7556}") = "Matematik", "Matematik\Matematik.csproj", "{9D88419C-3899-4C95-9DDA-EDB7BEBE49DE}"
EndProject
Project("{9A19103F-16F7-4668-BE54-9A1E7A4F7556}") = "DegerVeReferansTipler", "DegerVeReferansTipler\DegerVeReferansTipler.csproj", "{7DA6ADFD-69CA-4FE8-BE7B-49535633DA3D}"
EndProject
Project("{9A19103F-16F7-4668-BE54-9A1E7A4F7556}") = "ClassMetotDemo", "ClassMetotDemo\ClassMetotDemo.csproj", "{BA9DCA76-8BC5-4025-8264-5D6F418E0B31}"
EndProject
Project("{9A19103F-16F7-4668-BE54-9A1E7A4F7556}") = "OOP1", "OOP1\OOP1.csproj", "{3351DC62-964E-4BF6-B793-AC047B5AF503}"
EndProject
Project("{9A19103F-16F7-4668-BE54-9A1E7A4F7556}") = "Koleksiyonlar", "Koleksiyonlar\Koleksiyonlar.csproj", "{F3649254-BDD8-435F-83A5-95BE4C913187}"
EndProject
Project("{9A19103F-16F7-4668-BE54-9A1E7A4F7556}") = "GenericsIntro", "GenericsIntro\GenericsIntro.csproj", "{1DEA159E-45C8-4108-9529-8D785D479451}"
EndProject
Project("{FAE04EC0-301F-11D3-BF4B-00C04F79EFBC}") = "MyDictionary", "MyDictionary\MyDictionary.csproj", "{50EA1DBE-E6FD-4493-82A2-39875FC4265C}"
EndProject
Global
	GlobalSection(SolutionConfigurationPlatforms) = preSolution
		Debug|Any CPU = Debug|Any CPU
		Release|Any CPU = Release|Any CPU
	EndGlobalSection
	GlobalSection(ProjectConfigurationPlatforms) = postSolution
		{1A148E07-328A-490B-8BA0-332D25ADF1F2}.Debug|Any CPU.ActiveCfg = Debug|Any CPU
		{1A148E07-328A-490B-8BA0-332D25ADF1F2}.Debug|Any CPU.Build.0 = Debug|Any CPU
		{1A148E07-328A-490B-8BA0-332D25ADF1F2}.Release|Any CPU.ActiveCfg = Release|Any CPU
		{1A148E07-328A-490B-8BA0-332D25ADF1F2}.Release|Any CPU.Build.0 = Release|Any CPU
		{FDA0D161-19F2-4280-A7F3-52928E28CA0E}.Debug|Any CPU.ActiveCfg = Debug|Any CPU
		{FDA0D161-19F2-4280-A7F3-52928E28CA0E}.Debug|Any CPU.Build.0 = Debug|Any CPU
		{FDA0D161-19F2-4280-A7F3-52928E28CA0E}.Release|Any CPU.ActiveCfg = Release|Any CPU
		{FDA0D161-19F2-4280-A7F3-52928E28CA0E}.Release|Any CPU.Build.0 = Release|Any CPU
		{51EE9F53-A527-472B-AFC2-3893411E8B4C}.Debug|Any CPU.ActiveCfg = Debug|Any CPU
		{51EE9F53-A527-472B-AFC2-3893411E8B4C}.Debug|Any CPU.Build.0 = Debug|Any CPU
		{51EE9F53-A527-472B-AFC2-3893411E8B4C}.Release|Any CPU.ActiveCfg = Release|Any CPU
		{51EE9F53-A527-472B-AFC2-3893411E8B4C}.Release|Any CPU.Build.0 = Release|Any CPU
		{F3FCD17E-7812-43DF-BA0B-A539467DB66A}.Debug|Any CPU.ActiveCfg = Debug|Any CPU
		{F3FCD17E-7812-43DF-BA0B-A539467DB66A}.Debug|Any CPU.Build.0 = Debug|Any CPU
		{F3FCD17E-7812-43DF-BA0B-A539467DB66A}.Release|Any CPU.ActiveCfg = Release|Any CPU
		{F3FCD17E-7812-43DF-BA0B-A539467DB66A}.Release|Any CPU.Build.0 = Release|Any CPU
		{9D88419C-3899-4C95-9DDA-EDB7BEBE49DE}.Debug|Any CPU.ActiveCfg = Debug|Any CPU
		{9D88419C-3899-4C95-9DDA-EDB7BEBE49DE}.Debug|Any CPU.Build.0 = Debug|Any CPU
		{9D88419C-3899-4C95-9DDA-EDB7BEBE49DE}.Release|Any CPU.ActiveCfg = Release|Any CPU
		{9D88419C-3899-4C95-9DDA-EDB7BEBE49DE}.Release|Any CPU.Build.0 = Release|Any CPU
		{7DA6ADFD-69CA-4FE8-BE7B-49535633DA3D}.Debug|Any CPU.ActiveCfg = Debug|Any CPU
		{7DA6ADFD-69CA-4FE8-BE7B-49535633DA3D}.Debug|Any CPU.Build.0 = Debug|Any CPU
		{7DA6ADFD-69CA-4FE8-BE7B-49535633DA3D}.Release|Any CPU.ActiveCfg = Release|Any CPU
		{7DA6ADFD-69CA-4FE8-BE7B-49535633DA3D}.Release|Any CPU.Build.0 = Release|Any CPU
		{BA9DCA76-8BC5-4025-8264-5D6F418E0B31}.Debug|Any CPU.ActiveCfg = Debug|Any CPU
		{BA9DCA76-8BC5-4025-8264-5D6F418E0B31}.Debug|Any CPU.Build.0 = Debug|Any CPU
		{BA9DCA76-8BC5-4025-8264-5D6F418E0B31}.Release|Any CPU.ActiveCfg = Release|Any CPU
		{BA9DCA76-8BC5-4025-8264-5D6F418E0B31}.Release|Any CPU.Build.0 = Release|Any CPU
		{3351DC62-964E-4BF6-B793-AC047B5AF503}.Debug|Any CPU.ActiveCfg = Debug|Any CPU
		{3351DC62-964E-4BF6-B793-AC047B5AF503}.Debug|Any CPU.Build.0 = Debug|Any CPU
		{3351DC62-964E-4BF6-B793-AC047B5AF503}.Release|Any CPU.ActiveCfg = Release|Any CPU
		{3351DC62-964E-4BF6-B793-AC047B5AF503}.Release|Any CPU.Build.0 = Release|Any CPU
		{F3649254-BDD8-435F-83A5-95BE4C913187}.Debug|Any CPU.ActiveCfg = Debug|Any CPU
		{F3649254-BDD8-435F-83A5-95BE4C913187}.Debug|Any CPU.Build.0 = Debug|Any CPU
		{F3649254-BDD8-435F-83A5-95BE4C913187}.Release|Any CPU.ActiveCfg = Release|Any CPU
		{F3649254-BDD8-435F-83A5-95BE4C913187}.Release|Any CPU.Build.0 = Release|Any CPU
		{1DEA159E-45C8-4108-9529-8D785D479451}.Debug|Any CPU.ActiveCfg = Debug|Any CPU
		{1DEA159E-45C8-4108-9529-8D785D479451}.Debug|Any CPU.Build.0 = Debug|Any CPU
		{1DEA159E-45C8-4108-9529-8D785D479451}.Release|Any CPU.ActiveCfg = Release|Any CPU
		{1DEA159E-45C8-4108-9529-8D785D479451}.Release|Any CPU.Build.0 = Release|Any CPU
		{50EA1DBE-E6FD-4493-82A2-39875FC4265C}.Debug|Any CPU.ActiveCfg = Debug|Any CPU
		{50EA1DBE-E6FD-4493-82A2-39875FC4265C}.Debug|Any CPU.Build.0 = Debug|Any CPU
		{50EA1DBE-E6FD-4493-82A2-39875FC4265C}.Release|Any CPU.ActiveCfg = Release|Any CPU
		{50EA1DBE-E6FD-4493-82A2-39875FC4265C}.Release|Any CPU.Build.0 = Release|Any CPU
	EndGlobalSection
	GlobalSection(SolutionProperties) = preSolution
		HideSolutionNode = FALSE
	EndGlobalSection
	GlobalSection(ExtensibilityGlobals) = postSolution
		SolutionGuid = {2A68C460-E580-4376-8A55-C1179C1BC81E}
	EndGlobalSection
EndGlobal
