
Microsoft Visual Studio Solution File, Format Version 12.00
# Visual Studio Version 16
VisualStudioVersion = 16.0.31025.194
MinimumVisualStudioVersion = 10.0.40219.1
Project("{9A19103F-16F7-4668-BE54-9A1E7A4F7556}") = "CampIntro", "CampIntro\CampIntro.csproj", "{1A148E07-328A-490B-8BA0-332D25ADF1F2}"
EndProject
Project("{9A19103F-16F7-4668-BE54-9A1E7A4F7556}") = "Donguler", "Donguler\Donguler.csproj", "{FDA0D161-19F2-4280-A7F3-52928E28CA0E}"
EndProject
Project("{9A19103F-16F7-4668-BE54-9A1E7A4F7556}") = "ClassIntro", "ClassIntro\ClassIntro.csproj", "{51EE9F53-A527-472B-AFC2-3893411E8B4C}"
EndProject
Project("{9A19103F-16F7-4668-BE54-9A1E7A4F7556}") = "Metotlar", "Metotlar\Metotlar.csproj", "{F3FCD17E-7812-43DF-BA0B-A539467DB66A}"
EndProject
Project("{FAE04EC0-301F-11D3-BF4B-00C04F79EFBC}") = "Matematik", "Matematik\Matematik.csproj", "{9D88419C-3899-4C95-9DDA-EDB7BEBE49DE}"
EndProject
Project("{FAE04EC0-301F-11D3-BF4B-00C04F79EFBC}") = "DegerVeReferansTipler", "DegerVeReferansTipler\DegerVeReferansTipler.csproj", "{7DA6ADFD-69CA-4FE8-BE7B-49535633DA3D}"
EndProject
Global
	GlobalSection(SolutionConfigurationPlatforms) = preSolution
		Debug|Any CPU = Debug|Any CPU
		Release|Any CPU = Release|Any CPU
	EndGlobalSection
	GlobalSection(ProjectConfigurationPlatforms) = postSolution
		{1A148E07-328A-490B-8BA0-332D25ADF1F2}.Debug|Any CPU.ActiveCfg = Debug|Any CPU
		{1A148E07-328A-490B-8BA0-332D25ADF1F2}.Debug|Any CPU.Build.0 = Debug|Any CPU
		{1A148E07-328A-490B-8BA0-332D25ADF1F2}.Release|Any CPU.ActiveCfg = Release|Any CPU
		{1A148E07-328A-490B-8BA0-332D25ADF1F2}.Release|Any CPU.Build.0 = Release|Any CPU
		{FDA0D161-19F2-4280-A7F3-52928E28CA0E}.Debug|Any CPU.ActiveCfg = Debug|Any CPU
		{FDA0D161-19F2-4280-A7F3-52928E28CA0E}.Debug|Any CPU.Build.0 = Debug|Any CPU
		{FDA0D161-19F2-4280-A7F3-52928E28CA0E}.Release|Any CPU.ActiveCfg = Release|Any CPU
		{FDA0D161-19F2-4280-A7F3-52928E28CA0E}.Release|Any CPU.Build.0 = Release|Any CPU
		{51EE9F53-A527-472B-AFC2-3893411E8B4C}.Debug|Any CPU.ActiveCfg = Debug|Any CPU
		{51EE9F53-A527-472B-AFC2-3893411E8B4C}.Debug|Any CPU.Build.0 = Debug|Any CPU
		{51EE9F53-A527-472B-AFC2-3893411E8B4C}.Release|Any CPU.ActiveCfg = Release|Any CPU
		{51EE9F53-A527-472B-AFC2-3893411E8B4C}.Release|Any CPU.Build.0 = Release|Any CPU
		{F3FCD17E-7812-43DF-BA0B-A539467DB66A}.Debug|Any CPU.ActiveCfg = Debug|Any CPU
		{F3FCD17E-7812-43DF-BA0B-A539467DB66A}.Debug|Any CPU.Build.0 = Debug|Any CPU
		{F3FCD17E-7812-43DF-BA0B-A539467DB66A}.Release|Any CPU.ActiveCfg = Release|Any CPU
		{F3FCD17E-7812-43DF-BA0B-A539467DB66A}.Release|Any CPU.Build.0 = Release|Any CPU
		{9D88419C-3899-4C95-9DDA-EDB7BEBE49DE}.Debug|Any CPU.ActiveCfg = Debug|Any CPU
		{9D88419C-3899-4C95-9DDA-EDB7BEBE49DE}.Debug|Any CPU.Build.0 = Debug|Any CPU
		{9D88419C-3899-4C95-9DDA-EDB7BEBE49DE}.Release|Any CPU.ActiveCfg = Release|Any CPU
		{9D88419C-3899-4C95-9DDA-EDB7BEBE49DE}.Release|Any CPU.Build.0 = Release|Any CPU
		{7DA6ADFD-69CA-4FE8-BE7B-49535633DA3D}.Debug|Any CPU.ActiveCfg = Debug|Any CPU
		{7DA6ADFD-69CA-4FE8-BE7B-49535633DA3D}.Debug|Any CPU.Build.0 = Debug|Any CPU
		{7DA6ADFD-69CA-4FE8-BE7B-49535633DA3D}.Release|Any CPU.ActiveCfg = Release|Any CPU
		{7DA6ADFD-69CA-4FE8-BE7B-49535633DA3D}.Release|Any CPU.Build.0 = Release|Any CPU
	EndGlobalSection
	GlobalSection(SolutionProperties) = preSolution
		HideSolutionNode = FALSE
	EndGlobalSection
	GlobalSection(ExtensibilityGlobals) = postSolution
		SolutionGuid = {2A68C460-E580-4376-8A55-C1179C1BC81E}
	EndGlobalSection
EndGlobal
